
Microsoft Visual Studio Solution File, Format Version 12.00
# Visual Studio Version 17
VisualStudioVersion = 17.3.32922.545
MinimumVisualStudioVersion = 10.0.40219.1
Project("{FAE04EC0-301F-11D3-BF4B-00C04F79EFBC}") = "3BIMESTRE 2TRABALHO PRIMEIRA AULA", "3BIMESTRE 2TRABALHO PRIMEIRA AULA\3BIMESTRE 2TRABALHO PRIMEIRA AULA.csproj", "{ABA6D60A-E5FF-4176-B807-85BF535AEA4B}"
EndProject
Global
	GlobalSection(SolutionConfigurationPlatforms) = preSolution
		Debug|Any CPU = Debug|Any CPU
		Release|Any CPU = Release|Any CPU
	EndGlobalSection
	GlobalSection(ProjectConfigurationPlatforms) = postSolution
		{ABA6D60A-E5FF-4176-B807-85BF535AEA4B}.Debug|Any CPU.ActiveCfg = Debug|Any CPU
		{ABA6D60A-E5FF-4176-B807-85BF535AEA4B}.Debug|Any CPU.Build.0 = Debug|Any CPU
		{ABA6D60A-E5FF-4176-B807-85BF535AEA4B}.Release|Any CPU.ActiveCfg = Release|Any CPU
		{ABA6D60A-E5FF-4176-B807-85BF535AEA4B}.Release|Any CPU.Build.0 = Release|Any CPU
	EndGlobalSection
	GlobalSection(SolutionProperties) = preSolution
		HideSolutionNode = FALSE
	EndGlobalSection
	GlobalSection(ExtensibilityGlobals) = postSolution
		SolutionGuid = {E5E3107E-C863-4927-AA9A-04104045DEC7}
	EndGlobalSection
EndGlobal
